
Microsoft Visual Studio Solution File, Format Version 12.00
# Visual Studio 14
VisualStudioVersion = 14.0.25420.1
MinimumVisualStudioVersion = 10.0.40219.1
Project("{FAE04EC0-301F-11D3-BF4B-00C04F79EFBC}") = "yEnc", "src\yEnc\yEnc.csproj", "{65F9B635-0C97-46D5-B4DB-7A52B20E94A7}"
EndProject
Project("{FAE04EC0-301F-11D3-BF4B-00C04F79EFBC}") = "yEncTests", "src\yEncTests\yEncTests.csproj", "{6EB29E7B-2A60-4F2C-A098-C27A61850C9F}"
EndProject
Project("{2150E333-8FDC-42A3-9474-1A3956D46DE8}") = "settings", "settings", "{304FACCD-F78E-4276-AD80-0256486A8881}"
	ProjectSection(SolutionItems) = preProject
		settings\nocopy.runsettings = settings\nocopy.runsettings
	EndProjectSection
EndProject
Global
	GlobalSection(SolutionConfigurationPlatforms) = preSolution
		Debug|Any CPU = Debug|Any CPU
		Release|Any CPU = Release|Any CPU
	EndGlobalSection
	GlobalSection(ProjectConfigurationPlatforms) = postSolution
		{65F9B635-0C97-46D5-B4DB-7A52B20E94A7}.Debug|Any CPU.ActiveCfg = Debug|Any CPU
		{65F9B635-0C97-46D5-B4DB-7A52B20E94A7}.Debug|Any CPU.Build.0 = Debug|Any CPU
		{65F9B635-0C97-46D5-B4DB-7A52B20E94A7}.Release|Any CPU.ActiveCfg = Release|Any CPU
		{65F9B635-0C97-46D5-B4DB-7A52B20E94A7}.Release|Any CPU.Build.0 = Release|Any CPU
		{6EB29E7B-2A60-4F2C-A098-C27A61850C9F}.Debug|Any CPU.ActiveCfg = Debug|Any CPU
		{6EB29E7B-2A60-4F2C-A098-C27A61850C9F}.Debug|Any CPU.Build.0 = Debug|Any CPU
		{6EB29E7B-2A60-4F2C-A098-C27A61850C9F}.Release|Any CPU.ActiveCfg = Release|Any CPU
		{6EB29E7B-2A60-4F2C-A098-C27A61850C9F}.Release|Any CPU.Build.0 = Release|Any CPU
	EndGlobalSection
	GlobalSection(SolutionProperties) = preSolution
		HideSolutionNode = FALSE
	EndGlobalSection
EndGlobal
